// !$*UTF8*$!
{
	archiveVersion = 1;
	classes = {
	};
	objectVersion = 50;
	objects = {

/* Begin PBXBuildFile section */
		CE281DD326E63CDA00F43F10 /* AppDelegate.swift in Sources */ = {isa = PBXBuildFile; fileRef = CE281DD226E63CDA00F43F10 /* AppDelegate.swift */; };
		CE281DD526E63CDA00F43F10 /* SceneDelegate.swift in Sources */ = {isa = PBXBuildFile; fileRef = CE281DD426E63CDA00F43F10 /* SceneDelegate.swift */; };
		CE281DD726E63CDA00F43F10 /* ViewController.swift in Sources */ = {isa = PBXBuildFile; fileRef = CE281DD626E63CDA00F43F10 /* ViewController.swift */; };
		CE281DDA26E63CDA00F43F10 /* Main.storyboard in Resources */ = {isa = PBXBuildFile; fileRef = CE281DD826E63CDA00F43F10 /* Main.storyboard */; };
		CE281DDC26E63CDA00F43F10 /* Assets.xcassets in Resources */ = {isa = PBXBuildFile; fileRef = CE281DDB26E63CDA00F43F10 /* Assets.xcassets */; };
		CE281DDF26E63CDA00F43F10 /* LaunchScreen.storyboard in Resources */ = {isa = PBXBuildFile; fileRef = CE281DDD26E63CDA00F43F10 /* LaunchScreen.storyboard */; };
/* End PBXBuildFile section */

/* Begin PBXFileReference section */
		CE281DCF26E63CDA00F43F10 /* calc Perevezentsev & Konik.app */ = {isa = PBXFileReference; explicitFileType = wrapper.application; includeInIndex = 0; path = "calc Perevezentsev & Konik.app"; sourceTree = BUILT_PRODUCTS_DIR; };
		CE281DD226E63CDA00F43F10 /* AppDelegate.swift */ = {isa = PBXFileReference; lastKnownFileType = sourcecode.swift; path = AppDelegate.swift; sourceTree = "<group>"; };
		CE281DD426E63CDA00F43F10 /* SceneDelegate.swift */ = {isa = PBXFileReference; lastKnownFileType = sourcecode.swift; path = SceneDelegate.swift; sourceTree = "<group>"; };
		CE281DD626E63CDA00F43F10 /* ViewController.swift */ = {isa = PBXFileReference; lastKnownFileType = sourcecode.swift; path = ViewController.swift; sourceTree = "<group>"; };
		CE281DD926E63CDA00F43F10 /* Base */ = {isa = PBXFileReference; lastKnownFileType = file.storyboard; name = Base; path = Base.lproj/Main.storyboard; sourceTree = "<group>"; };
		CE281DDB26E63CDA00F43F10 /* Assets.xcassets */ = {isa = PBXFileReference; lastKnownFileType = folder.assetcatalog; path = Assets.xcassets; sourceTree = "<group>"; };
		CE281DDE26E63CDA00F43F10 /* Base */ = {isa = PBXFileReference; lastKnownFileType = file.storyboard; name = Base; path = Base.lproj/LaunchScreen.storyboard; sourceTree = "<group>"; };
		CE281DE026E63CDA00F43F10 /* Info.plist */ = {isa = PBXFileReference; lastKnownFileType = text.plist.xml; path = Info.plist; sourceTree = "<group>"; };
/* End PBXFileReference section */

/* Begin PBXFrameworksBuildPhase section */
		CE281DCC26E63CDA00F43F10 /* Frameworks */ = {
			isa = PBXFrameworksBuildPhase;
			buildActionMask = 2147483647;
			files = (
			);
			runOnlyForDeploymentPostprocessing = 0;
		};
/* End PBXFrameworksBuildPhase section */

/* Begin PBXGroup section */
		CE281DC626E63CDA00F43F10 = {
			isa = PBXGroup;
			children = (
				CE281DD126E63CDA00F43F10 /* calc Perevezentsev & Konik */,
				CE281DD026E63CDA00F43F10 /* Products */,
			);
			sourceTree = "<group>";
		};
		CE281DD026E63CDA00F43F10 /* Products */ = {
			isa = PBXGroup;
			children = (
				CE281DCF26E63CDA00F43F10 /* calc Perevezentsev & Konik.app */,
			);
			name = Products;
			sourceTree = "<group>";
		};
		CE281DD126E63CDA00F43F10 /* calc Perevezentsev & Konik */ = {
			isa = PBXGroup;
			children = (
				CE281DD226E63CDA00F43F10 /* AppDelegate.swift */,
				CE281DD426E63CDA00F43F10 /* SceneDelegate.swift */,
				CE281DD626E63CDA00F43F10 /* ViewController.swift */,
				CE281DD826E63CDA00F43F10 /* Main.storyboard */,
				CE281DDB26E63CDA00F43F10 /* Assets.xcassets */,
				CE281DDD26E63CDA00F43F10 /* LaunchScreen.storyboard */,
				CE281DE026E63CDA00F43F10 /* Info.plist */,
			);
			path = "calc Perevezentsev & Konik";
			sourceTree = "<group>";
		};
/* End PBXGroup section */

/* Begin PBXNativeTarget section */
		CE281DCE26E63CDA00F43F10 /* calc Perevezentsev & Konik */ = {
			isa = PBXNativeTarget;
			buildConfigurationList = CE281DE326E63CDA00F43F10 /* Build configuration list for PBXNativeTarget "calc Perevezentsev & Konik" */;
			buildPhases = (
				CE281DCB26E63CDA00F43F10 /* Sources */,
				CE281DCC26E63CDA00F43F10 /* Frameworks */,
				CE281DCD26E63CDA00F43F10 /* Resources */,
			);
			buildRules = (
			);
			dependencies = (
			);
			name = "calc Perevezentsev & Konik";
			productName = "calc Perevezentsev & Konik";
			productReference = CE281DCF26E63CDA00F43F10 /* calc Perevezentsev & Konik.app */;
			productType = "com.apple.product-type.application";
		};
/* End PBXNativeTarget section */

/* Begin PBXProject section */
		CE281DC726E63CDA00F43F10 /* Project object */ = {
			isa = PBXProject;
			attributes = {
				LastSwiftUpdateCheck = 1240;
				LastUpgradeCheck = 1240;
				TargetAttributes = {
					CE281DCE26E63CDA00F43F10 = {
						CreatedOnToolsVersion = 12.4;
					};
				};
			};
			buildConfigurationList = CE281DCA26E63CDA00F43F10 /* Build configuration list for PBXProject "calc Perevezentsev & Konik" */;
			compatibilityVersion = "Xcode 9.3";
			developmentRegion = en;
			hasScannedForEncodings = 0;
			knownRegions = (
				en,
				Base,
			);
			mainGroup = CE281DC626E63CDA00F43F10;
			productRefGroup = CE281DD026E63CDA00F43F10 /* Products */;
			projectDirPath = "";
			projectRoot = "";
			targets = (
				CE281DCE26E63CDA00F43F10 /* calc Perevezentsev & Konik */,
			);
		};
/* End PBXProject section */

/* Begin PBXResourcesBuildPhase section */
		CE281DCD26E63CDA00F43F10 /* Resources */ = {
			isa = PBXResourcesBuildPhase;
			buildActionMask = 2147483647;
			files = (
				CE281DDF26E63CDA00F43F10 /* LaunchScreen.storyboard in Resources */,
				CE281DDC26E63CDA00F43F10 /* Assets.xcassets in Resources */,
				CE281DDA26E63CDA00F43F10 /* Main.storyboard in Resources */,
			);
			runOnlyForDeploymentPostprocessing = 0;
		};
/* End PBXResourcesBuildPhase section */

/* Begin PBXSourcesBuildPhase section */
		CE281DCB26E63CDA00F43F10 /* Sources */ = {
			isa = PBXSourcesBuildPhase;
			buildActionMask = 2147483647;
			files = (
				CE281DD726E63CDA00F43F10 /* ViewController.swift in Sources */,
				CE281DD326E63CDA00F43F10 /* AppDelegate.swift in Sources */,
				CE281DD526E63CDA00F43F10 /* SceneDelegate.swift in Sources */,
			);
			runOnlyForDeploymentPostprocessing = 0;
		};
/* End PBXSourcesBuildPhase section */

/* Begin PBXVariantGroup section */
		CE281DD826E63CDA00F43F10 /* Main.storyboard */ = {
			isa = PBXVariantGroup;
			children = (
				CE281DD926E63CDA00F43F10 /* Base */,
			);
			name = Main.storyboard;
			sourceTree = "<group>";
		};
		CE281DDD26E63CDA00F43F10 /* LaunchScreen.storyboard */ = {
			isa = PBXVariantGroup;
			children = (
				CE281DDE26E63CDA00F43F10 /* Base */,
			);
			name = LaunchScreen.storyboard;
			sourceTree = "<group>";
		};
/* End PBXVariantGroup section */

/* Begin XCBuildConfiguration section */
		CE281DE126E63CDA00F43F10 /* Debug */ = {
			isa = XCBuildConfiguration;
			buildSettings = {
				ALWAYS_SEARCH_USER_PATHS = NO;
				CLANG_ANALYZER_NONNULL = YES;
				CLANG_ANALYZER_NUMBER_OBJECT_CONVERSION = YES_AGGRESSIVE;
				CLANG_CXX_LANGUAGE_STANDARD = "gnu++14";
				CLANG_CXX_LIBRARY = "libc++";
				CLANG_ENABLE_MODULES = YES;
				CLANG_ENABLE_OBJC_ARC = YES;
				CLANG_ENABLE_OBJC_WEAK = YES;
				CLANG_WARN_BLOCK_CAPTURE_AUTORELEASING = YES;
				CLANG_WARN_BOOL_CONVERSION = YES;
				CLANG_WARN_COMMA = YES;
				CLANG_WARN_CONSTANT_CONVERSION = YES;
				CLANG_WARN_DEPRECATED_OBJC_IMPLEMENTATIONS = YES;
				CLANG_WARN_DIRECT_OBJC_ISA_USAGE = YES_ERROR;
				CLANG_WARN_DOCUMENTATION_COMMENTS = YES;
				CLANG_WARN_EMPTY_BODY = YES;
				CLANG_WARN_ENUM_CONVERSION = YES;
				CLANG_WARN_INFINITE_RECURSION = YES;
				CLANG_WARN_INT_CONVERSION = YES;
				CLANG_WARN_NON_LITERAL_NULL_CONVERSION = YES;
				CLANG_WARN_OBJC_IMPLICIT_RETAIN_SELF = YES;
				CLANG_WARN_OBJC_LITERAL_CONVERSION = YES;
				CLANG_WARN_OBJC_ROOT_CLASS = YES_ERROR;
				CLANG_WARN_QUOTED_INCLUDE_IN_FRAMEWORK_HEADER = YES;
				CLANG_WARN_RANGE_LOOP_ANALYSIS = YES;
				CLANG_WARN_STRICT_PROTOTYPES = YES;
				CLANG_WARN_SUSPICIOUS_MOVE = YES;
				CLANG_WARN_UNGUARDED_AVAILABILITY = YES_AGGRESSIVE;
				CLANG_WARN_UNREACHABLE_CODE = YES;
				CLANG_WARN__DUPLICATE_METHOD_MATCH = YES;
				COPY_PHASE_STRIP = NO;
				DEBUG_INFORMATION_FORMAT = dwarf;
				ENABLE_STRICT_OBJC_MSGSEND = YES;
				ENABLE_TESTABILITY = YES;
				GCC_C_LANGUAGE_STANDARD = gnu11;
				GCC_DYNAMIC_NO_PIC = NO;
				GCC_NO_COMMON_BLOCKS = YES;
				GCC_OPTIMIZATION_LEVEL = 0;
				GCC_PREPROCESSOR_DEFINITIONS = (
					"DEBUG=1",
					"$(inherited)",
				);
				GCC_WARN_64_TO_32_BIT_CONVERSION = YES;
				GCC_WARN_ABOUT_RETURN_TYPE = YES_ERROR;
				GCC_WARN_UNDECLARED_SELECTOR = YES;
				GCC_WARN_UNINITIALIZED_AUTOS = YES_AGGRESSIVE;
				GCC_WARN_UNUSED_FUNCTION = YES;
				GCC_WARN_UNUSED_VARIABLE = YES;
				IPHONEOS_DEPLOYMENT_TARGET = 14.4;
				MTL_ENABLE_DEBUG_INFO = INCLUDE_SOURCE;
				MTL_FAST_MATH = YES;
				ONLY_ACTIVE_ARCH = YES;
				SDKROOT = iphoneos;
				SWIFT_ACTIVE_COMPILATION_CONDITIONS = DEBUG;
				SWIFT_OPTIMIZATION_LEVEL = "-Onone";
			};
			name = Debug;
		};
		CE281DE226E63CDA00F43F10 /* Release */ = {
			isa = XCBuildConfiguration;
			buildSettings = {
				ALWAYS_SEARCH_USER_PATHS = NO;
				CLANG_ANALYZER_NONNULL = YES;
				CLANG_ANALYZER_NUMBER_OBJECT_CONVERSION = YES_AGGRESSIVE;
				CLANG_CXX_LANGUAGE_STANDARD = "gnu++14";
				CLANG_CXX_LIBRARY = "libc++";
				CLANG_ENABLE_MODULES = YES;
				CLANG_ENABLE_OBJC_ARC = YES;
				CLANG_ENABLE_OBJC_WEAK = YES;
				CLANG_WARN_BLOCK_CAPTURE_AUTORELEASING = YES;
				CLANG_WARN_BOOL_CONVERSION = YES;
				CLANG_WARN_COMMA = YES;
				CLANG_WARN_CONSTANT_CONVERSION = YES;
				CLANG_WARN_DEPRECATED_OBJC_IMPLEMENTATIONS = YES;
				CLANG_WARN_DIRECT_OBJC_ISA_USAGE = YES_ERROR;
				CLANG_WARN_DOCUMENTATION_COMMENTS = YES;
				CLANG_WARN_EMPTY_BODY = YES;
				CLANG_WARN_ENUM_CONVERSION = YES;
				CLANG_WARN_INFINITE_RECURSION = YES;
				CLANG_WARN_INT_CONVERSION = YES;
				CLANG_WARN_NON_LITERAL_NULL_CONVERSION = YES;
				CLANG_WARN_OBJC_IMPLICIT_RETAIN_SELF = YES;
				CLANG_WARN_OBJC_LITERAL_CONVERSION = YES;
				CLANG_WARN_OBJC_ROOT_CLASS = YES_ERROR;
				CLANG_WARN_QUOTED_INCLUDE_IN_FRAMEWORK_HEADER = YES;
				CLANG_WARN_RANGE_LOOP_ANALYSIS = YES;
				CLANG_WARN_STRICT_PROTOTYPES = YES;
				CLANG_WARN_SUSPICIOUS_MOVE = YES;
				CLANG_WARN_UNGUARDED_AVAILABILITY = YES_AGGRESSIVE;
				CLANG_WARN_UNREACHABLE_CODE = YES;
				CLANG_WARN__DUPLICATE_METHOD_MATCH = YES;
				COPY_PHASE_STRIP = NO;
				DEBUG_INFORMATION_FORMAT = "dwarf-with-dsym";
				ENABLE_NS_ASSERTIONS = NO;
				ENABLE_STRICT_OBJC_MSGSEND = YES;
				GCC_C_LANGUAGE_STANDARD = gnu11;
				GCC_NO_COMMON_BLOCKS = YES;
				GCC_WARN_64_TO_32_BIT_CONVERSION = YES;
				GCC_WARN_ABOUT_RETURN_TYPE = YES_ERROR;
				GCC_WARN_UNDECLARED_SELECTOR = YES;
				GCC_WARN_UNINITIALIZED_AUTOS = YES_AGGRESSIVE;
				GCC_WARN_UNUSED_FUNCTION = YES;
				GCC_WARN_UNUSED_VARIABLE = YES;
				IPHONEOS_DEPLOYMENT_TARGET = 14.4;
				MTL_ENABLE_DEBUG_INFO = NO;
				MTL_FAST_MATH = YES;
				SDKROOT = iphoneos;
				SWIFT_COMPILATION_MODE = wholemodule;
				SWIFT_OPTIMIZATION_LEVEL = "-O";
				VALIDATE_PRODUCT = YES;
			};
			name = Release;
		};
		CE281DE426E63CDA00F43F10 /* Debug */ = {
			isa = XCBuildConfiguration;
			buildSettings = {
				ASSETCATALOG_COMPILER_APPICON_NAME = AppIcon;
				ASSETCATALOG_COMPILER_GLOBAL_ACCENT_COLOR_NAME = AccentColor;
				CODE_SIGN_STYLE = Automatic;
				INFOPLIST_FILE = "calc Perevezentsev & Konik/Info.plist";
				LD_RUNPATH_SEARCH_PATHS = (
					"$(inherited)",
					"@executable_path/Frameworks",
				);
				PRODUCT_BUNDLE_IDENTIFIER = "n.calc-Perevezentsev---Konik";
				PRODUCT_NAME = "$(TARGET_NAME)";
				SWIFT_VERSION = 5.0;
				TARGETED_DEVICE_FAMILY = "1,2";
			};
			name = Debug;
		};
		CE281DE526E63CDA00F43F10 /* Release */ = {
			isa = XCBuildConfiguration;
			buildSettings = {
				ASSETCATALOG_COMPILER_APPICON_NAME = AppIcon;
				ASSETCATALOG_COMPILER_GLOBAL_ACCENT_COLOR_NAME = AccentColor;
				CODE_SIGN_STYLE = Automatic;
				INFOPLIST_FILE = "calc Perevezentsev & Konik/Info.plist";
				LD_RUNPATH_SEARCH_PATHS = (
					"$(inherited)",
					"@executable_path/Frameworks",
				);
				PRODUCT_BUNDLE_IDENTIFIER = "n.calc-Perevezentsev---Konik";
				PRODUCT_NAME = "$(TARGET_NAME)";
				SWIFT_VERSION = 5.0;
				TARGETED_DEVICE_FAMILY = "1,2";
			};
			name = Release;
		};
/* End XCBuildConfiguration section */

/* Begin XCConfigurationList section */
		CE281DCA26E63CDA00F43F10 /* Build configuration list for PBXProject "calc Perevezentsev & Konik" */ = {
			isa = XCConfigurationList;
			buildConfigurations = (
				CE281DE126E63CDA00F43F10 /* Debug */,
				CE281DE226E63CDA00F43F10 /* Release */,
			);
			defaultConfigurationIsVisible = 0;
			defaultConfigurationName = Release;
		};
		CE281DE326E63CDA00F43F10 /* Build configuration list for PBXNativeTarget "calc Perevezentsev & Konik" */ = {
			isa = XCConfigurationList;
			buildConfigurations = (
				CE281DE426E63CDA00F43F10 /* Debug */,
				CE281DE526E63CDA00F43F10 /* Release */,
			);
			defaultConfigurationIsVisible = 0;
			defaultConfigurationName = Release;
		};
/* End XCConfigurationList section */
	};
	rootObject = CE281DC726E63CDA00F43F10 /* Project object */;
}
